{
  "version": 2,
  "files": {
    "slow": {
      "resolved_url": "http://127.0.0.1:8080/drifting.bin",
      "resolved_file": "drifting.bin",
      "configuration_digest": "sha256:045b60b3b7dd791cddae6dc291bcabc24c71ab40022e2ca91bd7020ee9da1ebb",
      "digest": "sha256:113738b4c6c95ea86332c5341d7e4ab59c702d6e27f577f007be72b4953cf3b7",
      "size": 4194304
    },
    "test": {
      "resolved_url": "https://raw.githubusercontent.com/github/gitignore/main/Go.gitignore",
      "resolved_file": "Go.gitignore",
      "configuration_digest": "sha256:19d1360d36e39a1ed32a8b2094d0d9a36a46085176d65756cf4d702329016b10",
      "digest": "sha256:63a6bdc727e45c5811e6a6d664205d2a07948f03881839831c2fa92434509da2",
      "size": 559
    }
  }
}
