{
  "version": 1,
  "files": {
    "roadmap": {
      "resolved_url": "https://gist.githubusercontent.com/tomdoesdev/f08b7739bcfeccf60de8faafe914d100/raw/8f0ca82d54554af597adc6161016b08f68c1625b/andrew.md",
      "resolved_file": "andrew.md",
      "digest": "sha256:7041f15cc1b85d5ca91e2517c8207552dfdf9a85ea13d0ce9a009da2a1653767",
      "size": 8248
    }
  }
}
